{
  "version": 4,
  "terraform_version": "1.5.7",
  "serial": 137,
  "lineage": "c553a853-686f-0fd4-a888-6d8923e0f6bb",
  "outputs": {
    "cluster_location": {
      "value": "europe-west4-a",
      "type": "string"
    },
    "cluster_name": {
      "value": "online-boutique",
      "type": "string"
    }
  },
  "resources": [
    {
      "mode": "managed",
      "type": "google_compute_instance",
      "name": "load_generator",
      "provider": "provider[\"registry.terraform.io/hashicorp/google\"]",
      "instances": [
        {
          "schema_version": 6,
          "attributes": {
            "advanced_machine_features": [],
            "allow_stopping_for_update": null,
            "attached_disk": [],
            "boot_disk": [
              {
                "auto_delete": true,
                "device_name": "persistent-disk-0",
                "disk_encryption_key_raw": "",
                "disk_encryption_key_sha256": "",
                "initialize_params": [
                  {
                    "enable_confidential_compute": false,
                    "image": "https://www.googleapis.com/compute/v1/projects/debian-cloud/global/images/debian-11-bullseye-v20241210",
                    "labels": {},
                    "provisioned_iops": 0,
                    "provisioned_throughput": 0,
                    "resource_manager_tags": null,
                    "resource_policies": [],
                    "size": 10,
                    "storage_pool": "",
                    "type": "pd-standard"
                  }
                ],
                "interface": "",
                "kms_key_self_link": "",
                "mode": "READ_WRITE",
                "source": "https://www.googleapis.com/compute/v1/projects/cloud-project-445516/zones/europe-west4-a/disks/load-generator"
              }
            ],
            "can_ip_forward": false,
            "confidential_instance_config": [],
            "cpu_platform": "Intel Broadwell",
            "creation_timestamp": "2025-01-10T01:22:43.472-08:00",
            "current_status": "RUNNING",
            "deletion_protection": false,
            "description": "",
            "desired_status": null,
            "effective_labels": {
              "goog-terraform-provisioned": "true"
            },
            "enable_display": false,
            "guest_accelerator": [],
            "hostname": "",
            "id": "projects/cloud-project-445516/zones/europe-west4-a/instances/load-generator",
            "instance_id": "7270780809419511820",
            "key_revocation_action_type": "",
            "label_fingerprint": "vezUS-42LLM=",
            "labels": null,
            "machine_type": "e2-standard-2",
            "metadata": null,
            "metadata_fingerprint": "9dGKo2NcvaQ=",
            "metadata_startup_script": "#!/bin/bash\nsudo apt-get update\nsudo apt-get install -y docker.io\nsudo systemctl start docker\nsudo systemctl enable docker\ngit clone https://github.com/GoogleCloudPlatform/microservices-demo.git\ncd microservices-demo/src/loadgenerator/\nsudo docker build -t locust-loadgen .\n#sudo docker run -d -p 8089:8089 -e FRONTEND_ADDR=\"34.91.127.201\" -e USERS=50 locust-loadgen\nsudo docker run -d -p 8089:8089 --entrypoint locust locust-loadgen --host=\"http://34.34.93.212\" --headless --users=100  --spawn-rate=1\n",
            "min_cpu_platform": "",
            "name": "load-generator",
            "network_interface": [
              {
                "access_config": [
                  {
                    "nat_ip": "34.13.170.219",
                    "network_tier": "PREMIUM",
                    "public_ptr_domain_name": ""
                  }
                ],
                "alias_ip_range": [],
                "internal_ipv6_prefix_length": 0,
                "ipv6_access_config": [],
                "ipv6_access_type": "",
                "ipv6_address": "",
                "name": "nic0",
                "network": "https://www.googleapis.com/compute/v1/projects/cloud-project-445516/global/networks/default",
                "network_ip": "10.164.0.35",
                "nic_type": "",
                "queue_count": 0,
                "stack_type": "IPV4_ONLY",
                "subnetwork": "https://www.googleapis.com/compute/v1/projects/cloud-project-445516/regions/europe-west4/subnetworks/default",
                "subnetwork_project": "cloud-project-445516"
              }
            ],
            "network_performance_config": [],
            "params": [],
            "project": "cloud-project-445516",
            "reservation_affinity": [],
            "resource_policies": null,
            "scheduling": [
              {
                "automatic_restart": true,
                "instance_termination_action": "",
                "local_ssd_recovery_timeout": [],
                "max_run_duration": [],
                "min_node_cpus": 0,
                "node_affinities": [],
                "on_host_maintenance": "MIGRATE",
                "on_instance_stop_action": [],
                "preemptible": false,
                "provisioning_model": "STANDARD"
              }
            ],
            "scratch_disk": [],
            "self_link": "https://www.googleapis.com/compute/v1/projects/cloud-project-445516/zones/europe-west4-a/instances/load-generator",
            "service_account": [],
            "shielded_instance_config": [
              {
                "enable_integrity_monitoring": true,
                "enable_secure_boot": false,
                "enable_vtpm": true
              }
            ],
            "tags": null,
            "tags_fingerprint": "42WmSpB8rSM=",
            "terraform_labels": {
              "goog-terraform-provisioned": "true"
            },
            "timeouts": null,
            "zone": "europe-west4-a"
          },
          "sensitive_attributes": [],
          "private": "eyJlMmJmYjczMC1lY2FhLTExZTYtOGY4OC0zNDM2M2JjN2M0YzAiOnsiY3JlYXRlIjoxMjAwMDAwMDAwMDAwLCJkZWxldGUiOjEyMDAwMDAwMDAwMDAsInVwZGF0ZSI6MTIwMDAwMDAwMDAwMH0sInNjaGVtYV92ZXJzaW9uIjoiNiJ9"
        }
      ]
    },
    {
      "mode": "managed",
      "type": "google_container_cluster",
      "name": "my_cluster",
      "provider": "provider[\"registry.terraform.io/hashicorp/google\"]",
      "instances": [
        {
          "schema_version": 2,
          "attributes": {
            "addons_config": [
              {
                "cloudrun_config": [],
                "config_connector_config": [],
                "dns_cache_config": [],
                "gce_persistent_disk_csi_driver_config": [
                  {
                    "enabled": true
                  }
                ],
                "gcp_filestore_csi_driver_config": [],
                "gcs_fuse_csi_driver_config": [],
                "gke_backup_agent_config": [],
                "horizontal_pod_autoscaling": [],
                "http_load_balancing": [],
                "network_policy_config": [
                  {
                    "disabled": true
                  }
                ],
                "parallelstore_csi_driver_config": [],
                "ray_operator_config": [],
                "stateful_ha_config": []
              }
            ],
            "allow_net_admin": null,
            "authenticator_groups_config": [],
            "binary_authorization": [
              {
                "enabled": false,
                "evaluation_mode": ""
              }
            ],
            "cluster_autoscaling": [
              {
                "auto_provisioning_defaults": [],
                "auto_provisioning_locations": [],
                "autoscaling_profile": "BALANCED",
                "enabled": false,
                "resource_limits": []
              }
            ],
            "cluster_ipv4_cidr": "10.124.0.0/14",
            "confidential_nodes": [],
            "control_plane_endpoints_config": [
              {
                "dns_endpoint_config": [
                  {
                    "allow_external_traffic": false,
                    "endpoint": "gke-4c12dfe1f025404ab84aa3d05fefc3b50b1c-794750319838.europe-west4-a.gke.goog"
                  }
                ]
              }
            ],
            "cost_management_config": [],
            "database_encryption": [
              {
                "key_name": "",
                "state": "DECRYPTED"
              }
            ],
            "datapath_provider": "",
            "default_max_pods_per_node": 110,
            "default_snat_status": [
              {
                "disabled": false
              }
            ],
            "deletion_protection": false,
            "description": "",
            "dns_config": [],
            "effective_labels": {
              "goog-terraform-provisioned": "true"
            },
            "enable_autopilot": false,
            "enable_cilium_clusterwide_network_policy": false,
            "enable_intranode_visibility": false,
            "enable_k8s_beta_apis": [],
            "enable_kubernetes_alpha": false,
            "enable_l4_ilb_subsetting": false,
            "enable_legacy_abac": false,
            "enable_multi_networking": false,
            "enable_shielded_nodes": true,
            "enable_tpu": false,
            "endpoint": "34.34.66.248",
            "fleet": [],
            "gateway_api_config": [],
            "id": "projects/cloud-project-445516/locations/europe-west4-a/clusters/online-boutique",
            "identity_service_config": [],
            "initial_node_count": 4,
            "ip_allocation_policy": [
              {
                "additional_pod_ranges_config": [],
                "cluster_ipv4_cidr_block": "10.124.0.0/14",
                "cluster_secondary_range_name": "gke-online-boutique-pods-4c12dfe1",
                "pod_cidr_overprovision_config": [
                  {
                    "disabled": false
                  }
                ],
                "services_ipv4_cidr_block": "34.118.224.0/20",
                "services_secondary_range_name": "",
                "stack_type": "IPV4"
              }
            ],
            "label_fingerprint": "78cdf2f6",
            "location": "europe-west4-a",
            "logging_config": [
              {
                "enable_components": [
                  "SYSTEM_COMPONENTS",
                  "WORKLOADS"
                ]
              }
            ],
            "logging_service": "logging.googleapis.com/kubernetes",
            "maintenance_policy": [],
            "master_auth": [
              {
                "client_certificate": "",
                "client_certificate_config": [
                  {
                    "issue_client_certificate": false
                  }
                ],
                "client_key": "",
                "cluster_ca_certificate": "LS0tLS1CRUdJTiBDRVJUSUZJQ0FURS0tLS0tCk1JSUVMRENDQXBTZ0F3SUJBZ0lRQXl4dy9LcXVQb0JuSXBzV25iVVREVEFOQmdrcWhraUc5dzBCQVFzRkFEQXYKTVMwd0t3WURWUVFERXlSaU1HVTNNV1ptT1MwNE1qVTFMVFE0WldFdFlUUTRPQzB4TURVMllqTmpNVE5oWWpRdwpJQmNOTWpVd01URXdNRGd4TWpReldoZ1BNakExTlRBeE1ETXdPVEV5TkROYU1DOHhMVEFyQmdOVkJBTVRKR0l3ClpUY3habVk1TFRneU5UVXRORGhsWVMxaE5EZzRMVEV3TlRaaU0yTXhNMkZpTkRDQ0FhSXdEUVlKS29aSWh2Y04KQVFFQkJRQURnZ0dQQURDQ0FZb0NnZ0dCQUpEdHBzWFljN2p3d25YTkJBZVZnYTJLUzcxdytQb3pDOXp3VmQwVApKZXd5eWhnVUl1dmJ3NHdMTCtDWUFka3JySUxuYjF2TjZTSStHRWZWblNkT3paS1AzeVdCTWIwUzc0NDJKQ2ExCm5CVzRhQ2ZtK2o5SDhSZVcwVE1WRndLMHhkeTFlRDhOejlJNG9NN0o4L3IrWnFLaUZwRjNnU2lCYnNSS2hGYmcKZmlMaXUyTURMVjAwemgxaVlCQzEvVnhFcWEyUHg5a3RzOFBKTVZpbCt2ZzFkYUNEY2c4T21OV1dxWGRGSEFEUApZMTBSWFVYNnhlbjVjNnNXcnhZRk5UWEhOTDFZS1B3blhNSjE0Zk9FTjAveHpDK1N6SHJZM0pFRzhjRDZrQ1p4CnRycUwrVjRqd3l0V215ZW5YS0s4akpYTzhtQVJ6MjdFN1p2UnR1NDg4V2d2TGNrZ1A5ak1DbUhNQ3RTZ3pGaEUKZGU1UGMyK09JQzNwUk1lU1Rub1pLNnVYNkh6TDZidUJBcWduVWlvNERIeXNUVzJrM2s1UHo5SDlnTFFzRFNUUAp4V2tPUGtxWnh1Ulgrbm9BVWZSY0dQakkwbDZVTW12NmdXcjRPUkJ0SHk0ZUNnS3FNQ3c5M1d5cEFtQUhPbjRWCjMxbWNGeENraTNnbTMyQlNXaTJ1NnZhbkR3SURBUUFCbzBJd1FEQU9CZ05WSFE4QkFmOEVCQU1DQWdRd0R3WUQKVlIwVEFRSC9CQVV3QXdFQi96QWRCZ05WSFE0RUZnUVVRMk8vUGJHNG9FbnhTNW9zWnBUVHIvdStaZFF3RFFZSgpLb1pJaHZjTkFRRUxCUUFEZ2dHQkFHODNpNEoxY04wbXBad3JENGlyUFZzTk5LQTdScHhubGtrQlU5VWJLTy9DClVHOG96OXBzVXc1eCs0Zm9icVNMaUhUTUo4S04rTTlXQnRTdXNraW4yZmlMZTFSRHJ3VFBkZUxidFNkMWhSV0oKWUxwdEZCNzJkRE9vZ1lidkRIbXc4WENDemFBdHNiRSthVDNtSytZMUlJbjlGM3pxaHRxTm9MdU42Smx3eDhVSwpzYXJqNjU1RWpJSWE4ZkpvQkx4QzFUcXF4UUgvUmZmU2ExVVZUUmc1UzNkcE0wU1FyTXZudzRHNElxMG1hdGd2CnVzR3g1QmNaK0RxVE9HaWtHY0ZWWWd1bHIxTTRFTTd0N1FGUzNnUWpWSTVTWkRxRmgycEhZTHpMZWVudGNlRUIKT2pTWUsrRTVXbXdBZTBUTUFQbU1LOXlzdTlDNWUrcEd0VTJTUUt2am1IWkNFMElNbzhVYkFmTGtoMm9XRGhqUwpuV2xiNWlkcUZZU2xpbzlEKzRtV2hkUnk3Rm1MNDY2UTlaVGMvSm0xZktJTlphakJjTXQ4dGIxSXZ5NEpHMmNOClJSaGlUUG14Sm1CV2JBSU9mVlpCTHR6RnJLYlRTNjBqOURzZ1JhR3RpRFhIREhvWkEzQkMrOG4xb0xDM1JYeVEKRmhTNWh0MVBDOXJycFUzVEt1OTJmdz09Ci0tLS0tRU5EIENFUlRJRklDQVRFLS0tLS0K"
              }
            ],
            "master_authorized_networks_config": [],
            "master_version": "1.30.6-gke.1125000",
            "mesh_certificates": [],
            "min_master_version": null,
            "monitoring_config": [
              {
                "advanced_datapath_observability_config": [
                  {
                    "enable_metrics": false,
                    "enable_relay": false
                  }
                ],
                "enable_components": [
                  "SYSTEM_COMPONENTS",
                  "STORAGE",
                  "HPA",
                  "POD",
                  "DAEMONSET",
                  "DEPLOYMENT",
                  "STATEFULSET",
                  "CADVISOR",
                  "KUBELET"
                ],
                "managed_prometheus": [
                  {
                    "enabled": true
                  }
                ]
              }
            ],
            "monitoring_service": "monitoring.googleapis.com/kubernetes",
            "name": "online-boutique",
            "network": "projects/cloud-project-445516/global/networks/default",
            "network_policy": [
              {
                "enabled": false,
                "provider": "PROVIDER_UNSPECIFIED"
              }
            ],
            "networking_mode": "VPC_NATIVE",
            "node_config": [
              {
                "advanced_machine_features": [],
                "boot_disk_kms_key": "",
                "confidential_nodes": [],
                "containerd_config": [],
                "disk_size_gb": 100,
                "disk_type": "pd-balanced",
                "effective_taints": [],
                "enable_confidential_storage": false,
                "ephemeral_storage_local_ssd_config": [],
                "fast_socket": [],
                "gcfs_config": [],
                "guest_accelerator": [],
                "gvnic": [],
                "host_maintenance_policy": [],
                "image_type": "COS_CONTAINERD",
                "kubelet_config": [
                  {
                    "cpu_cfs_quota": false,
                    "cpu_cfs_quota_period": "",
                    "cpu_manager_policy": "",
                    "insecure_kubelet_readonly_port_enabled": "TRUE",
                    "pod_pids_limit": 0
                  }
                ],
                "labels": {},
                "linux_node_config": [],
                "local_nvme_ssd_block_config": [],
                "local_ssd_count": 0,
                "logging_variant": "DEFAULT",
                "machine_type": "e2-standard-2",
                "metadata": {
                  "disable-legacy-endpoints": "true"
                },
                "min_cpu_platform": "",
                "node_group": "",
                "oauth_scopes": [
                  "https://www.googleapis.com/auth/cloud-platform"
                ],
                "preemptible": false,
                "reservation_affinity": [],
                "resource_labels": {},
                "resource_manager_tags": {},
                "secondary_boot_disks": [],
                "service_account": "default",
                "shielded_instance_config": [
                  {
                    "enable_integrity_monitoring": true,
                    "enable_secure_boot": false
                  }
                ],
                "sole_tenant_config": [],
                "spot": false,
                "storage_pools": [],
                "tags": [],
                "taint": [],
                "workload_metadata_config": []
              }
            ],
            "node_locations": [],
            "node_pool": [
              {
                "autoscaling": [],
                "initial_node_count": 4,
                "instance_group_urls": [
                  "https://www.googleapis.com/compute/v1/projects/cloud-project-445516/zones/europe-west4-a/instanceGroupManagers/gke-online-boutique-default-pool-72f9d235-grp"
                ],
                "managed_instance_group_urls": [
                  "https://www.googleapis.com/compute/v1/projects/cloud-project-445516/zones/europe-west4-a/instanceGroups/gke-online-boutique-default-pool-72f9d235-grp"
                ],
                "management": [
                  {
                    "auto_repair": true,
                    "auto_upgrade": true
                  }
                ],
                "max_pods_per_node": 110,
                "name": "default-pool",
                "name_prefix": "",
                "network_config": [
                  {
                    "additional_node_network_configs": [],
                    "additional_pod_network_configs": [],
                    "create_pod_range": false,
                    "enable_private_nodes": false,
                    "network_performance_config": [],
                    "pod_cidr_overprovision_config": [],
                    "pod_ipv4_cidr_block": "10.124.0.0/14",
                    "pod_range": "gke-online-boutique-pods-4c12dfe1"
                  }
                ],
                "node_config": [
                  {
                    "advanced_machine_features": [],
                    "boot_disk_kms_key": "",
                    "confidential_nodes": [],
                    "containerd_config": [],
                    "disk_size_gb": 100,
                    "disk_type": "pd-balanced",
                    "effective_taints": [],
                    "enable_confidential_storage": false,
                    "ephemeral_storage_local_ssd_config": [],
                    "fast_socket": [],
                    "gcfs_config": [],
                    "guest_accelerator": [],
                    "gvnic": [],
                    "host_maintenance_policy": [],
                    "image_type": "COS_CONTAINERD",
                    "kubelet_config": [
                      {
                        "cpu_cfs_quota": false,
                        "cpu_cfs_quota_period": "",
                        "cpu_manager_policy": "",
                        "insecure_kubelet_readonly_port_enabled": "TRUE",
                        "pod_pids_limit": 0
                      }
                    ],
                    "labels": {},
                    "linux_node_config": [],
                    "local_nvme_ssd_block_config": [],
                    "local_ssd_count": 0,
                    "logging_variant": "DEFAULT",
                    "machine_type": "e2-standard-2",
                    "metadata": {
                      "disable-legacy-endpoints": "true"
                    },
                    "min_cpu_platform": "",
                    "node_group": "",
                    "oauth_scopes": [
                      "https://www.googleapis.com/auth/cloud-platform"
                    ],
                    "preemptible": false,
                    "reservation_affinity": [],
                    "resource_labels": {},
                    "resource_manager_tags": {},
                    "secondary_boot_disks": [],
                    "service_account": "default",
                    "shielded_instance_config": [
                      {
                        "enable_integrity_monitoring": true,
                        "enable_secure_boot": false
                      }
                    ],
                    "sole_tenant_config": [],
                    "spot": false,
                    "storage_pools": [],
                    "tags": [],
                    "taint": [],
                    "workload_metadata_config": []
                  }
                ],
                "node_count": 4,
                "node_locations": [
                  "europe-west4-a"
                ],
                "placement_policy": [],
                "queued_provisioning": [],
                "upgrade_settings": [
                  {
                    "blue_green_settings": [],
                    "max_surge": 1,
                    "max_unavailable": 0,
                    "strategy": "SURGE"
                  }
                ],
                "version": "1.30.6-gke.1125000"
              }
            ],
            "node_pool_auto_config": [],
            "node_pool_defaults": [
              {
                "node_config_defaults": [
                  {
                    "containerd_config": [],
                    "gcfs_config": [],
                    "insecure_kubelet_readonly_port_enabled": "FALSE",
                    "logging_variant": "DEFAULT"
                  }
                ]
              }
            ],
            "node_version": "1.30.6-gke.1125000",
            "notification_config": [
              {
                "pubsub": [
                  {
                    "enabled": false,
                    "filter": [],
                    "topic": ""
                  }
                ]
              }
            ],
            "operation": null,
            "private_cluster_config": [
              {
                "enable_private_endpoint": false,
                "enable_private_nodes": false,
                "master_global_access_config": [
                  {
                    "enabled": false
                  }
                ],
                "master_ipv4_cidr_block": "",
                "peering_name": "",
                "private_endpoint": "10.164.0.30",
                "private_endpoint_subnetwork": "",
                "public_endpoint": "34.34.66.248"
              }
            ],
            "private_ipv6_google_access": "",
            "project": "cloud-project-445516",
            "release_channel": [
              {
                "channel": "REGULAR"
              }
            ],
            "remove_default_node_pool": null,
            "resource_labels": {},
            "resource_usage_export_config": [],
            "secret_manager_config": [
              {
                "enabled": false
              }
            ],
            "security_posture_config": [
              {
                "mode": "BASIC",
                "vulnerability_mode": "VULNERABILITY_MODE_UNSPECIFIED"
              }
            ],
            "self_link": "https://container.googleapis.com/v1/projects/cloud-project-445516/zones/europe-west4-a/clusters/online-boutique",
            "service_external_ips_config": [
              {
                "enabled": false
              }
            ],
            "services_ipv4_cidr": "34.118.224.0/20",
            "subnetwork": "projects/cloud-project-445516/regions/europe-west4/subnetworks/default",
            "terraform_labels": {
              "goog-terraform-provisioned": "true"
            },
            "timeouts": null,
            "tpu_ipv4_cidr_block": "",
            "user_managed_keys_config": [],
            "vertical_pod_autoscaling": [],
            "workload_identity_config": []
          },
          "sensitive_attributes": [],
          "private": "eyJlMmJmYjczMC1lY2FhLTExZTYtOGY4OC0zNDM2M2JjN2M0YzAiOnsiY3JlYXRlIjoyNDAwMDAwMDAwMDAwLCJkZWxldGUiOjI0MDAwMDAwMDAwMDAsInJlYWQiOjI0MDAwMDAwMDAwMDAsInVwZGF0ZSI6MzYwMDAwMDAwMDAwMH0sInNjaGVtYV92ZXJzaW9uIjoiMiJ9",
          "dependencies": [
            "module.enable_google_apis.data.google_compute_default_service_account.default",
            "module.enable_google_apis.google_project_iam_member.project_service_identity_roles",
            "module.enable_google_apis.google_project_service.project_services",
            "module.enable_google_apis.google_project_service_identity.project_service_identities"
          ]
        }
      ]
    },
    {
      "mode": "managed",
      "type": "null_resource",
      "name": "apply_deployment",
      "provider": "provider[\"registry.terraform.io/hashicorp/null\"]",
      "instances": [
        {
          "schema_version": 0,
          "attributes": {
            "id": "5842871868524545026",
            "triggers": null
          },
          "sensitive_attributes": [],
          "dependencies": [
            "google_container_cluster.my_cluster",
            "module.enable_google_apis.data.google_compute_default_service_account.default",
            "module.enable_google_apis.google_project_iam_member.project_service_identity_roles",
            "module.enable_google_apis.google_project_service.project_services",
            "module.enable_google_apis.google_project_service_identity.project_service_identities",
            "module.gcloud.data.external.env_override",
            "module.gcloud.null_resource.additional_components",
            "module.gcloud.null_resource.additional_components_destroy",
            "module.gcloud.null_resource.decompress",
            "module.gcloud.null_resource.decompress_destroy",
            "module.gcloud.null_resource.download_gcloud",
            "module.gcloud.null_resource.download_jq",
            "module.gcloud.null_resource.gcloud_auth_google_credentials",
            "module.gcloud.null_resource.gcloud_auth_google_credentials_destroy",
            "module.gcloud.null_resource.gcloud_auth_service_account_key_file",
            "module.gcloud.null_resource.gcloud_auth_service_account_key_file_destroy",
            "module.gcloud.null_resource.module_depends_on",
            "module.gcloud.null_resource.prepare_cache",
            "module.gcloud.null_resource.run_command",
            "module.gcloud.null_resource.run_destroy_command",
            "module.gcloud.null_resource.upgrade",
            "module.gcloud.null_resource.upgrade_destroy",
            "module.gcloud.random_id.cache"
          ]
        }
      ]
    },
    {
      "mode": "managed",
      "type": "null_resource",
      "name": "wait_conditions",
      "provider": "provider[\"registry.terraform.io/hashicorp/null\"]",
      "instances": [
        {
          "schema_version": 0,
          "attributes": {
            "id": "5397660007641954445",
            "triggers": null
          },
          "sensitive_attributes": [],
          "dependencies": [
            "google_container_cluster.my_cluster",
            "module.enable_google_apis.data.google_compute_default_service_account.default",
            "module.enable_google_apis.google_project_iam_member.project_service_identity_roles",
            "module.enable_google_apis.google_project_service.project_services",
            "module.enable_google_apis.google_project_service_identity.project_service_identities",
            "module.gcloud.data.external.env_override",
            "module.gcloud.null_resource.additional_components",
            "module.gcloud.null_resource.additional_components_destroy",
            "module.gcloud.null_resource.decompress",
            "module.gcloud.null_resource.decompress_destroy",
            "module.gcloud.null_resource.download_gcloud",
            "module.gcloud.null_resource.download_jq",
            "module.gcloud.null_resource.gcloud_auth_google_credentials",
            "module.gcloud.null_resource.gcloud_auth_google_credentials_destroy",
            "module.gcloud.null_resource.gcloud_auth_service_account_key_file",
            "module.gcloud.null_resource.gcloud_auth_service_account_key_file_destroy",
            "module.gcloud.null_resource.module_depends_on",
            "module.gcloud.null_resource.prepare_cache",
            "module.gcloud.null_resource.run_command",
            "module.gcloud.null_resource.run_destroy_command",
            "module.gcloud.null_resource.upgrade",
            "module.gcloud.null_resource.upgrade_destroy",
            "module.gcloud.random_id.cache",
            "null_resource.apply_deployment"
          ]
        }
      ]
    },
    {
      "module": "module.enable_google_apis",
      "mode": "managed",
      "type": "google_project_service",
      "name": "project_services",
      "provider": "provider[\"registry.terraform.io/hashicorp/google\"]",
      "instances": [
        {
          "index_key": "cloudprofiler.googleapis.com",
          "schema_version": 0,
          "attributes": {
            "disable_dependent_services": true,
            "disable_on_destroy": false,
            "id": "cloud-project-445516/cloudprofiler.googleapis.com",
            "project": "cloud-project-445516",
            "service": "cloudprofiler.googleapis.com",
            "timeouts": null
          },
          "sensitive_attributes": [],
          "private": "eyJlMmJmYjczMC1lY2FhLTExZTYtOGY4OC0zNDM2M2JjN2M0YzAiOnsiY3JlYXRlIjoxMjAwMDAwMDAwMDAwLCJkZWxldGUiOjEyMDAwMDAwMDAwMDAsInJlYWQiOjYwMDAwMDAwMDAwMCwidXBkYXRlIjoxMjAwMDAwMDAwMDAwfX0="
        },
        {
          "index_key": "cloudtrace.googleapis.com",
          "schema_version": 0,
          "attributes": {
            "disable_dependent_services": true,
            "disable_on_destroy": false,
            "id": "cloud-project-445516/cloudtrace.googleapis.com",
            "project": "cloud-project-445516",
            "service": "cloudtrace.googleapis.com",
            "timeouts": null
          },
          "sensitive_attributes": [],
          "private": "eyJlMmJmYjczMC1lY2FhLTExZTYtOGY4OC0zNDM2M2JjN2M0YzAiOnsiY3JlYXRlIjoxMjAwMDAwMDAwMDAwLCJkZWxldGUiOjEyMDAwMDAwMDAwMDAsInJlYWQiOjYwMDAwMDAwMDAwMCwidXBkYXRlIjoxMjAwMDAwMDAwMDAwfX0="
        },
        {
          "index_key": "container.googleapis.com",
          "schema_version": 0,
          "attributes": {
            "disable_dependent_services": true,
            "disable_on_destroy": false,
            "id": "cloud-project-445516/container.googleapis.com",
            "project": "cloud-project-445516",
            "service": "container.googleapis.com",
            "timeouts": null
          },
          "sensitive_attributes": [],
          "private": "eyJlMmJmYjczMC1lY2FhLTExZTYtOGY4OC0zNDM2M2JjN2M0YzAiOnsiY3JlYXRlIjoxMjAwMDAwMDAwMDAwLCJkZWxldGUiOjEyMDAwMDAwMDAwMDAsInJlYWQiOjYwMDAwMDAwMDAwMCwidXBkYXRlIjoxMjAwMDAwMDAwMDAwfX0="
        },
        {
          "index_key": "monitoring.googleapis.com",
          "schema_version": 0,
          "attributes": {
            "disable_dependent_services": true,
            "disable_on_destroy": false,
            "id": "cloud-project-445516/monitoring.googleapis.com",
            "project": "cloud-project-445516",
            "service": "monitoring.googleapis.com",
            "timeouts": null
          },
          "sensitive_attributes": [],
          "private": "eyJlMmJmYjczMC1lY2FhLTExZTYtOGY4OC0zNDM2M2JjN2M0YzAiOnsiY3JlYXRlIjoxMjAwMDAwMDAwMDAwLCJkZWxldGUiOjEyMDAwMDAwMDAwMDAsInJlYWQiOjYwMDAwMDAwMDAwMCwidXBkYXRlIjoxMjAwMDAwMDAwMDAwfX0="
        }
      ]
    },
    {
      "module": "module.gcloud",
      "mode": "data",
      "type": "external",
      "name": "env_override",
      "provider": "provider[\"registry.terraform.io/hashicorp/external\"]",
      "instances": [
        {
          "index_key": 0,
          "schema_version": 0,
          "attributes": {
            "id": "-",
            "program": [
              ".terraform/modules/gcloud/scripts/check_env.sh"
            ],
            "query": {},
            "result": {
              "download": ""
            },
            "working_dir": null
          },
          "sensitive_attributes": []
        }
      ]
    },
    {
      "module": "module.gcloud",
      "mode": "managed",
      "type": "null_resource",
      "name": "additional_components",
      "provider": "provider[\"registry.terraform.io/hashicorp/null\"]",
      "instances": [
        {
          "index_key": 0,
          "schema_version": 0,
          "attributes": {
            "id": "7113967710779535341",
            "triggers": {
              "additional_components_command": ".terraform/modules/gcloud/scripts/check_components.sh gcloud kubectl,beta",
              "arguments": "275afc3efcdb990e8c4d5b70416a0fb2",
              "md5": "7f22bf39aaf5ce5980111c3587bef5b5"
            }
          },
          "sensitive_attributes": [],
          "dependencies": [
            "google_container_cluster.my_cluster",
            "module.enable_google_apis.data.google_compute_default_service_account.default",
            "module.enable_google_apis.google_project_iam_member.project_service_identity_roles",
            "module.enable_google_apis.google_project_service.project_services",
            "module.enable_google_apis.google_project_service_identity.project_service_identities",
            "module.gcloud.data.external.env_override",
            "module.gcloud.null_resource.decompress",
            "module.gcloud.null_resource.download_gcloud",
            "module.gcloud.null_resource.download_jq",
            "module.gcloud.null_resource.module_depends_on",
            "module.gcloud.null_resource.prepare_cache",
            "module.gcloud.null_resource.upgrade",
            "module.gcloud.random_id.cache"
          ]
        }
      ]
    },
    {
      "module": "module.gcloud",
      "mode": "managed",
      "type": "null_resource",
      "name": "additional_components_destroy",
      "provider": "provider[\"registry.terraform.io/hashicorp/null\"]",
      "instances": [
        {
          "index_key": 0,
          "schema_version": 0,
          "attributes": {
            "id": "4414603467255686078",
            "triggers": {
              "additional_components_command": ".terraform/modules/gcloud/scripts/check_components.sh gcloud kubectl,beta"
            }
          },
          "sensitive_attributes": [],
          "dependencies": [
            "google_container_cluster.my_cluster",
            "module.enable_google_apis.data.google_compute_default_service_account.default",
            "module.enable_google_apis.google_project_iam_member.project_service_identity_roles",
            "module.enable_google_apis.google_project_service.project_services",
            "module.enable_google_apis.google_project_service_identity.project_service_identities",
            "module.gcloud.data.external.env_override",
            "module.gcloud.null_resource.additional_components",
            "module.gcloud.null_resource.decompress",
            "module.gcloud.null_resource.download_gcloud",
            "module.gcloud.null_resource.download_jq",
            "module.gcloud.null_resource.gcloud_auth_google_credentials",
            "module.gcloud.null_resource.gcloud_auth_service_account_key_file",
            "module.gcloud.null_resource.module_depends_on",
            "module.gcloud.null_resource.prepare_cache",
            "module.gcloud.null_resource.run_destroy_command",
            "module.gcloud.null_resource.upgrade",
            "module.gcloud.random_id.cache"
          ]
        }
      ]
    },
    {
      "module": "module.gcloud",
      "mode": "managed",
      "type": "null_resource",
      "name": "run_command",
      "provider": "provider[\"registry.terraform.io/hashicorp/null\"]",
      "instances": [
        {
          "index_key": 0,
          "schema_version": 0,
          "attributes": {
            "id": "3624355793437363919",
            "triggers": {
              "arguments": "275afc3efcdb990e8c4d5b70416a0fb2",
              "create_cmd_body": "container clusters get-credentials online-boutique --zone=europe-west4-a --project=cloud-project-445516",
              "create_cmd_entrypoint": "gcloud",
              "gcloud_bin_abs_path": "/google-cloud-sdk/bin",
              "md5": "7f22bf39aaf5ce5980111c3587bef5b5"
            }
          },
          "sensitive_attributes": [],
          "dependencies": [
            "google_container_cluster.my_cluster",
            "module.enable_google_apis.data.google_compute_default_service_account.default",
            "module.enable_google_apis.google_project_iam_member.project_service_identity_roles",
            "module.enable_google_apis.google_project_service.project_services",
            "module.enable_google_apis.google_project_service_identity.project_service_identities",
            "module.gcloud.data.external.env_override",
            "module.gcloud.null_resource.additional_components",
            "module.gcloud.null_resource.decompress",
            "module.gcloud.null_resource.download_gcloud",
            "module.gcloud.null_resource.download_jq",
            "module.gcloud.null_resource.gcloud_auth_google_credentials",
            "module.gcloud.null_resource.gcloud_auth_service_account_key_file",
            "module.gcloud.null_resource.module_depends_on",
            "module.gcloud.null_resource.prepare_cache",
            "module.gcloud.null_resource.upgrade",
            "module.gcloud.random_id.cache"
          ]
        }
      ]
    },
    {
      "module": "module.gcloud",
      "mode": "managed",
      "type": "null_resource",
      "name": "run_destroy_command",
      "provider": "provider[\"registry.terraform.io/hashicorp/null\"]",
      "instances": [
        {
          "index_key": 0,
          "schema_version": 0,
          "attributes": {
            "id": "8269200591673590189",
            "triggers": {
              "destroy_cmd_body": "info",
              "destroy_cmd_entrypoint": "gcloud",
              "gcloud_bin_abs_path": "/google-cloud-sdk/bin"
            }
          },
          "sensitive_attributes": [],
          "dependencies": [
            "google_container_cluster.my_cluster",
            "module.enable_google_apis.data.google_compute_default_service_account.default",
            "module.enable_google_apis.google_project_iam_member.project_service_identity_roles",
            "module.enable_google_apis.google_project_service.project_services",
            "module.enable_google_apis.google_project_service_identity.project_service_identities",
            "module.gcloud.data.external.env_override",
            "module.gcloud.null_resource.additional_components",
            "module.gcloud.null_resource.decompress",
            "module.gcloud.null_resource.download_gcloud",
            "module.gcloud.null_resource.download_jq",
            "module.gcloud.null_resource.gcloud_auth_google_credentials",
            "module.gcloud.null_resource.gcloud_auth_service_account_key_file",
            "module.gcloud.null_resource.module_depends_on",
            "module.gcloud.null_resource.prepare_cache",
            "module.gcloud.null_resource.upgrade",
            "module.gcloud.random_id.cache"
          ]
        }
      ]
    }
  ],
  "check_results": null
}
